// !$*UTF8*$!
{
	archiveVersion = 1;
	classes = {
	};
	objectVersion = 48;
	objects = {

/* Begin PBXBuildFile section */
		BF2C6BBD21C8744A0081D79C /* AppDelegate.swift in Sources */ = {isa = PBXBuildFile; fileRef = BF2C6BBC21C8744A0081D79C /* AppDelegate.swift */; };
		BF2C6BBF21C8744A0081D79C /* ViewController.swift in Sources */ = {isa = PBXBuildFile; fileRef = BF2C6BBE21C8744A0081D79C /* ViewController.swift */; };
		BF2C6BC221C8744A0081D79C /* Main.storyboard in Resources */ = {isa = PBXBuildFile; fileRef = BF2C6BC021C8744A0081D79C /* Main.storyboard */; };
		BF2C6BC421C8744A0081D79C /* Assets.xcassets in Resources */ = {isa = PBXBuildFile; fileRef = BF2C6BC321C8744A0081D79C /* Assets.xcassets */; };
		BF2C6BC721C8744A0081D79C /* LaunchScreen.storyboard in Resources */ = {isa = PBXBuildFile; fileRef = BF2C6BC521C8744A0081D79C /* LaunchScreen.storyboard */; };
		BF2C6BD221C8744A0081D79C /* PokedexTests.swift in Sources */ = {isa = PBXBuildFile; fileRef = BF2C6BD121C8744A0081D79C /* PokedexTests.swift */; };
		BF2C6BDD21C8744A0081D79C /* PokedexUITests.swift in Sources */ = {isa = PBXBuildFile; fileRef = BF2C6BDC21C8744A0081D79C /* PokedexUITests.swift */; };
		BF2C6BED21C884EF0081D79C /* Pokemon.swift in Sources */ = {isa = PBXBuildFile; fileRef = BF2C6BEC21C884EF0081D79C /* Pokemon.swift */; };
		BF2C6BF021CF86280081D79C /* PokeCell.swift in Sources */ = {isa = PBXBuildFile; fileRef = BF2C6BEF21CF86280081D79C /* PokeCell.swift */; };
		BF8A6E862237CFB40074AE3B /* csv.swift in Sources */ = {isa = PBXBuildFile; fileRef = BF8A6E852237CFB40074AE3B /* csv.swift */; };
		BF8A6E872237D6890074AE3B /* pokemon.csv in Resources */ = {isa = PBXBuildFile; fileRef = BF2C6BEA21C8807B0081D79C /* pokemon.csv */; };
/* End PBXBuildFile section */

/* Begin PBXContainerItemProxy section */
		BF2C6BCE21C8744A0081D79C /* PBXContainerItemProxy */ = {
			isa = PBXContainerItemProxy;
			containerPortal = BF2C6BB121C8744A0081D79C /* Project object */;
			proxyType = 1;
			remoteGlobalIDString = BF2C6BB821C8744A0081D79C;
			remoteInfo = Pokedex;
		};
		BF2C6BD921C8744A0081D79C /* PBXContainerItemProxy */ = {
			isa = PBXContainerItemProxy;
			containerPortal = BF2C6BB121C8744A0081D79C /* Project object */;
			proxyType = 1;
			remoteGlobalIDString = BF2C6BB821C8744A0081D79C;
			remoteInfo = Pokedex;
		};
/* End PBXContainerItemProxy section */

/* Begin PBXFileReference section */
		BF2C6BB921C8744A0081D79C /* Pokedex.app */ = {isa = PBXFileReference; explicitFileType = wrapper.application; includeInIndex = 0; path = Pokedex.app; sourceTree = BUILT_PRODUCTS_DIR; };
		BF2C6BBC21C8744A0081D79C /* AppDelegate.swift */ = {isa = PBXFileReference; lastKnownFileType = sourcecode.swift; path = AppDelegate.swift; sourceTree = "<group>"; };
		BF2C6BBE21C8744A0081D79C /* ViewController.swift */ = {isa = PBXFileReference; lastKnownFileType = sourcecode.swift; path = ViewController.swift; sourceTree = "<group>"; };
		BF2C6BC121C8744A0081D79C /* Base */ = {isa = PBXFileReference; lastKnownFileType = file.storyboard; name = Base; path = Base.lproj/Main.storyboard; sourceTree = "<group>"; };
		BF2C6BC321C8744A0081D79C /* Assets.xcassets */ = {isa = PBXFileReference; lastKnownFileType = folder.assetcatalog; path = Assets.xcassets; sourceTree = "<group>"; };
		BF2C6BC621C8744A0081D79C /* Base */ = {isa = PBXFileReference; lastKnownFileType = file.storyboard; name = Base; path = Base.lproj/LaunchScreen.storyboard; sourceTree = "<group>"; };
		BF2C6BC821C8744A0081D79C /* Info.plist */ = {isa = PBXFileReference; lastKnownFileType = text.plist.xml; path = Info.plist; sourceTree = "<group>"; };
		BF2C6BCD21C8744A0081D79C /* PokedexTests.xctest */ = {isa = PBXFileReference; explicitFileType = wrapper.cfbundle; includeInIndex = 0; path = PokedexTests.xctest; sourceTree = BUILT_PRODUCTS_DIR; };
		BF2C6BD121C8744A0081D79C /* PokedexTests.swift */ = {isa = PBXFileReference; lastKnownFileType = sourcecode.swift; path = PokedexTests.swift; sourceTree = "<group>"; };
		BF2C6BD321C8744A0081D79C /* Info.plist */ = {isa = PBXFileReference; lastKnownFileType = text.plist.xml; path = Info.plist; sourceTree = "<group>"; };
		BF2C6BD821C8744A0081D79C /* PokedexUITests.xctest */ = {isa = PBXFileReference; explicitFileType = wrapper.cfbundle; includeInIndex = 0; path = PokedexUITests.xctest; sourceTree = BUILT_PRODUCTS_DIR; };
		BF2C6BDC21C8744A0081D79C /* PokedexUITests.swift */ = {isa = PBXFileReference; lastKnownFileType = sourcecode.swift; path = PokedexUITests.swift; sourceTree = "<group>"; };
		BF2C6BDE21C8744A0081D79C /* Info.plist */ = {isa = PBXFileReference; lastKnownFileType = text.plist.xml; path = Info.plist; sourceTree = "<group>"; };
		BF2C6BEA21C8807B0081D79C /* pokemon.csv */ = {isa = PBXFileReference; lastKnownFileType = text; path = pokemon.csv; sourceTree = "<group>"; };
		BF2C6BEC21C884EF0081D79C /* Pokemon.swift */ = {isa = PBXFileReference; lastKnownFileType = sourcecode.swift; path = Pokemon.swift; sourceTree = "<group>"; };
		BF2C6BEF21CF86280081D79C /* PokeCell.swift */ = {isa = PBXFileReference; lastKnownFileType = sourcecode.swift; path = PokeCell.swift; sourceTree = "<group>"; };
		BF8A6E852237CFB40074AE3B /* csv.swift */ = {isa = PBXFileReference; lastKnownFileType = sourcecode.swift; path = csv.swift; sourceTree = "<group>"; };
/* End PBXFileReference section */

/* Begin PBXFrameworksBuildPhase section */
		BF2C6BB621C8744A0081D79C /* Frameworks */ = {
			isa = PBXFrameworksBuildPhase;
			buildActionMask = 2147483647;
			files = (
			);
			runOnlyForDeploymentPostprocessing = 0;
		};
		BF2C6BCA21C8744A0081D79C /* Frameworks */ = {
			isa = PBXFrameworksBuildPhase;
			buildActionMask = 2147483647;
			files = (
			);
			runOnlyForDeploymentPostprocessing = 0;
		};
		BF2C6BD521C8744A0081D79C /* Frameworks */ = {
			isa = PBXFrameworksBuildPhase;
			buildActionMask = 2147483647;
			files = (
			);
			runOnlyForDeploymentPostprocessing = 0;
		};
/* End PBXFrameworksBuildPhase section */

/* Begin PBXGroup section */
		BF2C6BB021C8744A0081D79C = {
			isa = PBXGroup;
			children = (
				BF2C6BBB21C8744A0081D79C /* Pokedex */,
				BF2C6BD021C8744A0081D79C /* PokedexTests */,
				BF2C6BDB21C8744A0081D79C /* PokedexUITests */,
				BF2C6BBA21C8744A0081D79C /* Products */,
			);
			sourceTree = "<group>";
		};
		BF2C6BBA21C8744A0081D79C /* Products */ = {
			isa = PBXGroup;
			children = (
				BF2C6BB921C8744A0081D79C /* Pokedex.app */,
				BF2C6BCD21C8744A0081D79C /* PokedexTests.xctest */,
				BF2C6BD821C8744A0081D79C /* PokedexUITests.xctest */,
			);
			name = Products;
			sourceTree = "<group>";
		};
		BF2C6BBB21C8744A0081D79C /* Pokedex */ = {
			isa = PBXGroup;
			children = (
				BF2C6BEE21CF85E40081D79C /* View */,
				BF2C6BEB21C884A90081D79C /* Model */,
				BF2C6BBC21C8744A0081D79C /* AppDelegate.swift */,
				BF2C6BBE21C8744A0081D79C /* ViewController.swift */,
				BF2C6BC021C8744A0081D79C /* Main.storyboard */,
				BF2C6BC321C8744A0081D79C /* Assets.xcassets */,
				BF2C6BC521C8744A0081D79C /* LaunchScreen.storyboard */,
				BF2C6BEA21C8807B0081D79C /* pokemon.csv */,
				BF8A6E852237CFB40074AE3B /* csv.swift */,
				BF2C6BC821C8744A0081D79C /* Info.plist */,
			);
			path = Pokedex;
			sourceTree = "<group>";
		};
		BF2C6BD021C8744A0081D79C /* PokedexTests */ = {
			isa = PBXGroup;
			children = (
				BF2C6BD121C8744A0081D79C /* PokedexTests.swift */,
				BF2C6BD321C8744A0081D79C /* Info.plist */,
			);
			path = PokedexTests;
			sourceTree = "<group>";
		};
		BF2C6BDB21C8744A0081D79C /* PokedexUITests */ = {
			isa = PBXGroup;
			children = (
				BF2C6BDC21C8744A0081D79C /* PokedexUITests.swift */,
				BF2C6BDE21C8744A0081D79C /* Info.plist */,
			);
			path = PokedexUITests;
			sourceTree = "<group>";
		};
		BF2C6BEB21C884A90081D79C /* Model */ = {
			isa = PBXGroup;
			children = (
				BF2C6BEC21C884EF0081D79C /* Pokemon.swift */,
			);
			path = Model;
			sourceTree = "<group>";
		};
		BF2C6BEE21CF85E40081D79C /* View */ = {
			isa = PBXGroup;
			children = (
				BF2C6BEF21CF86280081D79C /* PokeCell.swift */,
			);
			path = View;
			sourceTree = "<group>";
		};
/* End PBXGroup section */

/* Begin PBXNativeTarget section */
		BF2C6BB821C8744A0081D79C /* Pokedex */ = {
			isa = PBXNativeTarget;
			buildConfigurationList = BF2C6BE121C8744A0081D79C /* Build configuration list for PBXNativeTarget "Pokedex" */;
			buildPhases = (
				BF2C6BB521C8744A0081D79C /* Sources */,
				BF2C6BB621C8744A0081D79C /* Frameworks */,
				BF2C6BB721C8744A0081D79C /* Resources */,
			);
			buildRules = (
			);
			dependencies = (
			);
			name = Pokedex;
			productName = Pokedex;
			productReference = BF2C6BB921C8744A0081D79C /* Pokedex.app */;
			productType = "com.apple.product-type.application";
		};
		BF2C6BCC21C8744A0081D79C /* PokedexTests */ = {
			isa = PBXNativeTarget;
			buildConfigurationList = BF2C6BE421C8744A0081D79C /* Build configuration list for PBXNativeTarget "PokedexTests" */;
			buildPhases = (
				BF2C6BC921C8744A0081D79C /* Sources */,
				BF2C6BCA21C8744A0081D79C /* Frameworks */,
				BF2C6BCB21C8744A0081D79C /* Resources */,
			);
			buildRules = (
			);
			dependencies = (
				BF2C6BCF21C8744A0081D79C /* PBXTargetDependency */,
			);
			name = PokedexTests;
			productName = PokedexTests;
			productReference = BF2C6BCD21C8744A0081D79C /* PokedexTests.xctest */;
			productType = "com.apple.product-type.bundle.unit-test";
		};
		BF2C6BD721C8744A0081D79C /* PokedexUITests */ = {
			isa = PBXNativeTarget;
			buildConfigurationList = BF2C6BE721C8744A0081D79C /* Build configuration list for PBXNativeTarget "PokedexUITests" */;
			buildPhases = (
				BF2C6BD421C8744A0081D79C /* Sources */,
				BF2C6BD521C8744A0081D79C /* Frameworks */,
				BF2C6BD621C8744A0081D79C /* Resources */,
			);
			buildRules = (
			);
			dependencies = (
				BF2C6BDA21C8744A0081D79C /* PBXTargetDependency */,
			);
			name = PokedexUITests;
			productName = PokedexUITests;
			productReference = BF2C6BD821C8744A0081D79C /* PokedexUITests.xctest */;
			productType = "com.apple.product-type.bundle.ui-testing";
		};
/* End PBXNativeTarget section */

/* Begin PBXProject section */
		BF2C6BB121C8744A0081D79C /* Project object */ = {
			isa = PBXProject;
			attributes = {
				LastSwiftUpdateCheck = 0900;
				LastUpgradeCheck = 0900;
				ORGANIZATIONNAME = "Luis Santos";
				TargetAttributes = {
					BF2C6BB821C8744A0081D79C = {
						CreatedOnToolsVersion = 9.0;
						ProvisioningStyle = Automatic;
					};
					BF2C6BCC21C8744A0081D79C = {
						CreatedOnToolsVersion = 9.0;
						ProvisioningStyle = Automatic;
						TestTargetID = BF2C6BB821C8744A0081D79C;
					};
					BF2C6BD721C8744A0081D79C = {
						CreatedOnToolsVersion = 9.0;
						ProvisioningStyle = Automatic;
						TestTargetID = BF2C6BB821C8744A0081D79C;
					};
				};
			};
			buildConfigurationList = BF2C6BB421C8744A0081D79C /* Build configuration list for PBXProject "Pokedex" */;
			compatibilityVersion = "Xcode 8.0";
			developmentRegion = en;
			hasScannedForEncodings = 0;
			knownRegions = (
				en,
				Base,
			);
			mainGroup = BF2C6BB021C8744A0081D79C;
			productRefGroup = BF2C6BBA21C8744A0081D79C /* Products */;
			projectDirPath = "";
			projectRoot = "";
			targets = (
				BF2C6BB821C8744A0081D79C /* Pokedex */,
				BF2C6BCC21C8744A0081D79C /* PokedexTests */,
				BF2C6BD721C8744A0081D79C /* PokedexUITests */,
			);
		};
/* End PBXProject section */

/* Begin PBXResourcesBuildPhase section */
		BF2C6BB721C8744A0081D79C /* Resources */ = {
			isa = PBXResourcesBuildPhase;
			buildActionMask = 2147483647;
			files = (
				BF2C6BC721C8744A0081D79C /* LaunchScreen.storyboard in Resources */,
				BF2C6BC421C8744A0081D79C /* Assets.xcassets in Resources */,
				BF8A6E872237D6890074AE3B /* pokemon.csv in Resources */,
				BF2C6BC221C8744A0081D79C /* Main.storyboard in Resources */,
			);
			runOnlyForDeploymentPostprocessing = 0;
		};
		BF2C6BCB21C8744A0081D79C /* Resources */ = {
			isa = PBXResourcesBuildPhase;
			buildActionMask = 2147483647;
			files = (
			);
			runOnlyForDeploymentPostprocessing = 0;
		};
		BF2C6BD621C8744A0081D79C /* Resources */ = {
			isa = PBXResourcesBuildPhase;
			buildActionMask = 2147483647;
			files = (
			);
			runOnlyForDeploymentPostprocessing = 0;
		};
/* End PBXResourcesBuildPhase section */

/* Begin PBXSourcesBuildPhase section */
		BF2C6BB521C8744A0081D79C /* Sources */ = {
			isa = PBXSourcesBuildPhase;
			buildActionMask = 2147483647;
			files = (
				BF2C6BF021CF86280081D79C /* PokeCell.swift in Sources */,
				BF2C6BBF21C8744A0081D79C /* ViewController.swift in Sources */,
				BF2C6BBD21C8744A0081D79C /* AppDelegate.swift in Sources */,
				BF2C6BED21C884EF0081D79C /* Pokemon.swift in Sources */,
				BF8A6E862237CFB40074AE3B /* csv.swift in Sources */,
			);
			runOnlyForDeploymentPostprocessing = 0;
		};
		BF2C6BC921C8744A0081D79C /* Sources */ = {
			isa = PBXSourcesBuildPhase;
			buildActionMask = 2147483647;
			files = (
				BF2C6BD221C8744A0081D79C /* PokedexTests.swift in Sources */,
			);
			runOnlyForDeploymentPostprocessing = 0;
		};
		BF2C6BD421C8744A0081D79C /* Sources */ = {
			isa = PBXSourcesBuildPhase;
			buildActionMask = 2147483647;
			files = (
				BF2C6BDD21C8744A0081D79C /* PokedexUITests.swift in Sources */,
			);
			runOnlyForDeploymentPostprocessing = 0;
		};
/* End PBXSourcesBuildPhase section */

/* Begin PBXTargetDependency section */
		BF2C6BCF21C8744A0081D79C /* PBXTargetDependency */ = {
			isa = PBXTargetDependency;
			target = BF2C6BB821C8744A0081D79C /* Pokedex */;
			targetProxy = BF2C6BCE21C8744A0081D79C /* PBXContainerItemProxy */;
		};
		BF2C6BDA21C8744A0081D79C /* PBXTargetDependency */ = {
			isa = PBXTargetDependency;
			target = BF2C6BB821C8744A0081D79C /* Pokedex */;
			targetProxy = BF2C6BD921C8744A0081D79C /* PBXContainerItemProxy */;
		};
/* End PBXTargetDependency section */

/* Begin PBXVariantGroup section */
		BF2C6BC021C8744A0081D79C /* Main.storyboard */ = {
			isa = PBXVariantGroup;
			children = (
				BF2C6BC121C8744A0081D79C /* Base */,
			);
			name = Main.storyboard;
			sourceTree = "<group>";
		};
		BF2C6BC521C8744A0081D79C /* LaunchScreen.storyboard */ = {
			isa = PBXVariantGroup;
			children = (
				BF2C6BC621C8744A0081D79C /* Base */,
			);
			name = LaunchScreen.storyboard;
			sourceTree = "<group>";
		};
/* End PBXVariantGroup section */

/* Begin XCBuildConfiguration section */
		BF2C6BDF21C8744A0081D79C /* Debug */ = {
			isa = XCBuildConfiguration;
			buildSettings = {
				ALWAYS_SEARCH_USER_PATHS = NO;
				CLANG_ANALYZER_NONNULL = YES;
				CLANG_ANALYZER_NUMBER_OBJECT_CONVERSION = YES_AGGRESSIVE;
				CLANG_CXX_LANGUAGE_STANDARD = "gnu++14";
				CLANG_CXX_LIBRARY = "libc++";
				CLANG_ENABLE_MODULES = YES;
				CLANG_ENABLE_OBJC_ARC = YES;
				CLANG_WARN_BLOCK_CAPTURE_AUTORELEASING = YES;
				CLANG_WARN_BOOL_CONVERSION = YES;
				CLANG_WARN_COMMA = YES;
				CLANG_WARN_CONSTANT_CONVERSION = YES;
				CLANG_WARN_DIRECT_OBJC_ISA_USAGE = YES_ERROR;
				CLANG_WARN_DOCUMENTATION_COMMENTS = YES;
				CLANG_WARN_EMPTY_BODY = YES;
				CLANG_WARN_ENUM_CONVERSION = YES;
				CLANG_WARN_INFINITE_RECURSION = YES;
				CLANG_WARN_INT_CONVERSION = YES;
				CLANG_WARN_NON_LITERAL_NULL_CONVERSION = YES;
				CLANG_WARN_OBJC_LITERAL_CONVERSION = YES;
				CLANG_WARN_OBJC_ROOT_CLASS = YES_ERROR;
				CLANG_WARN_RANGE_LOOP_ANALYSIS = YES;
				CLANG_WARN_STRICT_PROTOTYPES = YES;
				CLANG_WARN_SUSPICIOUS_MOVE = YES;
				CLANG_WARN_UNGUARDED_AVAILABILITY = YES_AGGRESSIVE;
				CLANG_WARN_UNREACHABLE_CODE = YES;
				CLANG_WARN__DUPLICATE_METHOD_MATCH = YES;
				CODE_SIGN_IDENTITY = "iPhone Developer";
				COPY_PHASE_STRIP = NO;
				DEBUG_INFORMATION_FORMAT = dwarf;
				ENABLE_STRICT_OBJC_MSGSEND = YES;
				ENABLE_TESTABILITY = YES;
				GCC_C_LANGUAGE_STANDARD = gnu11;
				GCC_DYNAMIC_NO_PIC = NO;
				GCC_NO_COMMON_BLOCKS = YES;
				GCC_OPTIMIZATION_LEVEL = 0;
				GCC_PREPROCESSOR_DEFINITIONS = (
					"DEBUG=1",
					"$(inherited)",
				);
				GCC_WARN_64_TO_32_BIT_CONVERSION = YES;
				GCC_WARN_ABOUT_RETURN_TYPE = YES_ERROR;
				GCC_WARN_UNDECLARED_SELECTOR = YES;
				GCC_WARN_UNINITIALIZED_AUTOS = YES_AGGRESSIVE;
				GCC_WARN_UNUSED_FUNCTION = YES;
				GCC_WARN_UNUSED_VARIABLE = YES;
				IPHONEOS_DEPLOYMENT_TARGET = 11.0;
				MTL_ENABLE_DEBUG_INFO = YES;
				ONLY_ACTIVE_ARCH = YES;
				SDKROOT = iphoneos;
				SWIFT_ACTIVE_COMPILATION_CONDITIONS = DEBUG;
				SWIFT_OPTIMIZATION_LEVEL = "-Onone";
			};
			name = Debug;
		};
		BF2C6BE021C8744A0081D79C /* Release */ = {
			isa = XCBuildConfiguration;
			buildSettings = {
				ALWAYS_SEARCH_USER_PATHS = NO;
				CLANG_ANALYZER_NONNULL = YES;
				CLANG_ANALYZER_NUMBER_OBJECT_CONVERSION = YES_AGGRESSIVE;
				CLANG_CXX_LANGUAGE_STANDARD = "gnu++14";
				CLANG_CXX_LIBRARY = "libc++";
				CLANG_ENABLE_MODULES = YES;
				CLANG_ENABLE_OBJC_ARC = YES;
				CLANG_WARN_BLOCK_CAPTURE_AUTORELEASING = YES;
				CLANG_WARN_BOOL_CONVERSION = YES;
				CLANG_WARN_COMMA = YES;
				CLANG_WARN_CONSTANT_CONVERSION = YES;
				CLANG_WARN_DIRECT_OBJC_ISA_USAGE = YES_ERROR;
				CLANG_WARN_DOCUMENTATION_COMMENTS = YES;
				CLANG_WARN_EMPTY_BODY = YES;
				CLANG_WARN_ENUM_CONVERSION = YES;
				CLANG_WARN_INFINITE_RECURSION = YES;
				CLANG_WARN_INT_CONVERSION = YES;
				CLANG_WARN_NON_LITERAL_NULL_CONVERSION = YES;
				CLANG_WARN_OBJC_LITERAL_CONVERSION = YES;
				CLANG_WARN_OBJC_ROOT_CLASS = YES_ERROR;
				CLANG_WARN_RANGE_LOOP_ANALYSIS = YES;
				CLANG_WARN_STRICT_PROTOTYPES = YES;
				CLANG_WARN_SUSPICIOUS_MOVE = YES;
				CLANG_WARN_UNGUARDED_AVAILABILITY = YES_AGGRESSIVE;
				CLANG_WARN_UNREACHABLE_CODE = YES;
				CLANG_WARN__DUPLICATE_METHOD_MATCH = YES;
				CODE_SIGN_IDENTITY = "iPhone Developer";
				COPY_PHASE_STRIP = NO;
				DEBUG_INFORMATION_FORMAT = "dwarf-with-dsym";
				ENABLE_NS_ASSERTIONS = NO;
				ENABLE_STRICT_OBJC_MSGSEND = YES;
				GCC_C_LANGUAGE_STANDARD = gnu11;
				GCC_NO_COMMON_BLOCKS = YES;
				GCC_WARN_64_TO_32_BIT_CONVERSION = YES;
				GCC_WARN_ABOUT_RETURN_TYPE = YES_ERROR;
				GCC_WARN_UNDECLARED_SELECTOR = YES;
				GCC_WARN_UNINITIALIZED_AUTOS = YES_AGGRESSIVE;
				GCC_WARN_UNUSED_FUNCTION = YES;
				GCC_WARN_UNUSED_VARIABLE = YES;
				IPHONEOS_DEPLOYMENT_TARGET = 11.0;
				MTL_ENABLE_DEBUG_INFO = NO;
				SDKROOT = iphoneos;
				SWIFT_OPTIMIZATION_LEVEL = "-Owholemodule";
				VALIDATE_PRODUCT = YES;
			};
			name = Release;
		};
		BF2C6BE221C8744A0081D79C /* Debug */ = {
			isa = XCBuildConfiguration;
			buildSettings = {
				ASSETCATALOG_COMPILER_APPICON_NAME = AppIcon;
				CODE_SIGN_STYLE = Automatic;
				INFOPLIST_FILE = Pokedex/Info.plist;
				LD_RUNPATH_SEARCH_PATHS = "$(inherited) @executable_path/Frameworks";
				PRODUCT_BUNDLE_IDENTIFIER = com.devslopesApp.Pokedex;
				PRODUCT_NAME = "$(TARGET_NAME)";
				SWIFT_VERSION = 4.0;
				TARGETED_DEVICE_FAMILY = "1,2";
			};
			name = Debug;
		};
		BF2C6BE321C8744A0081D79C /* Release */ = {
			isa = XCBuildConfiguration;
			buildSettings = {
				ASSETCATALOG_COMPILER_APPICON_NAME = AppIcon;
				CODE_SIGN_STYLE = Automatic;
				INFOPLIST_FILE = Pokedex/Info.plist;
				LD_RUNPATH_SEARCH_PATHS = "$(inherited) @executable_path/Frameworks";
				PRODUCT_BUNDLE_IDENTIFIER = com.devslopesApp.Pokedex;
				PRODUCT_NAME = "$(TARGET_NAME)";
				SWIFT_VERSION = 4.0;
				TARGETED_DEVICE_FAMILY = "1,2";
			};
			name = Release;
		};
		BF2C6BE521C8744A0081D79C /* Debug */ = {
			isa = XCBuildConfiguration;
			buildSettings = {
				ALWAYS_EMBED_SWIFT_STANDARD_LIBRARIES = YES;
				BUNDLE_LOADER = "$(TEST_HOST)";
				CODE_SIGN_STYLE = Automatic;
				INFOPLIST_FILE = PokedexTests/Info.plist;
				LD_RUNPATH_SEARCH_PATHS = "$(inherited) @executable_path/Frameworks @loader_path/Frameworks";
				PRODUCT_BUNDLE_IDENTIFIER = com.devslopesApp.PokedexTests;
				PRODUCT_NAME = "$(TARGET_NAME)";
				SWIFT_VERSION = 4.0;
				TARGETED_DEVICE_FAMILY = "1,2";
				TEST_HOST = "$(BUILT_PRODUCTS_DIR)/Pokedex.app/Pokedex";
			};
			name = Debug;
		};
		BF2C6BE621C8744A0081D79C /* Release */ = {
			isa = XCBuildConfiguration;
			buildSettings = {
				ALWAYS_EMBED_SWIFT_STANDARD_LIBRARIES = YES;
				BUNDLE_LOADER = "$(TEST_HOST)";
				CODE_SIGN_STYLE = Automatic;
				INFOPLIST_FILE = PokedexTests/Info.plist;
				LD_RUNPATH_SEARCH_PATHS = "$(inherited) @executable_path/Frameworks @loader_path/Frameworks";
				PRODUCT_BUNDLE_IDENTIFIER = com.devslopesApp.PokedexTests;
				PRODUCT_NAME = "$(TARGET_NAME)";
				SWIFT_VERSION = 4.0;
				TARGETED_DEVICE_FAMILY = "1,2";
				TEST_HOST = "$(BUILT_PRODUCTS_DIR)/Pokedex.app/Pokedex";
			};
			name = Release;
		};
		BF2C6BE821C8744A0081D79C /* Debug */ = {
			isa = XCBuildConfiguration;
			buildSettings = {
				ALWAYS_EMBED_SWIFT_STANDARD_LIBRARIES = YES;
				CODE_SIGN_STYLE = Automatic;
				INFOPLIST_FILE = PokedexUITests/Info.plist;
				LD_RUNPATH_SEARCH_PATHS = "$(inherited) @executable_path/Frameworks @loader_path/Frameworks";
				PRODUCT_BUNDLE_IDENTIFIER = com.devslopesApp.PokedexUITests;
				PRODUCT_NAME = "$(TARGET_NAME)";
				SWIFT_VERSION = 4.0;
				TARGETED_DEVICE_FAMILY = "1,2";
				TEST_TARGET_NAME = Pokedex;
			};
			name = Debug;
		};
		BF2C6BE921C8744A0081D79C /* Release */ = {
			isa = XCBuildConfiguration;
			buildSettings = {
				ALWAYS_EMBED_SWIFT_STANDARD_LIBRARIES = YES;
				CODE_SIGN_STYLE = Automatic;
				INFOPLIST_FILE = PokedexUITests/Info.plist;
				LD_RUNPATH_SEARCH_PATHS = "$(inherited) @executable_path/Frameworks @loader_path/Frameworks";
				PRODUCT_BUNDLE_IDENTIFIER = com.devslopesApp.PokedexUITests;
				PRODUCT_NAME = "$(TARGET_NAME)";
				SWIFT_VERSION = 4.0;
				TARGETED_DEVICE_FAMILY = "1,2";
				TEST_TARGET_NAME = Pokedex;
			};
			name = Release;
		};
/* End XCBuildConfiguration section */

/* Begin XCConfigurationList section */
		BF2C6BB421C8744A0081D79C /* Build configuration list for PBXProject "Pokedex" */ = {
			isa = XCConfigurationList;
			buildConfigurations = (
				BF2C6BDF21C8744A0081D79C /* Debug */,
				BF2C6BE021C8744A0081D79C /* Release */,
			);
			defaultConfigurationIsVisible = 0;
			defaultConfigurationName = Release;
		};
		BF2C6BE121C8744A0081D79C /* Build configuration list for PBXNativeTarget "Pokedex" */ = {
			isa = XCConfigurationList;
			buildConfigurations = (
				BF2C6BE221C8744A0081D79C /* Debug */,
				BF2C6BE321C8744A0081D79C /* Release */,
			);
			defaultConfigurationIsVisible = 0;
			defaultConfigurationName = Release;
		};
		BF2C6BE421C8744A0081D79C /* Build configuration list for PBXNativeTarget "PokedexTests" */ = {
			isa = XCConfigurationList;
			buildConfigurations = (
				BF2C6BE521C8744A0081D79C /* Debug */,
				BF2C6BE621C8744A0081D79C /* Release */,
			);
			defaultConfigurationIsVisible = 0;
			defaultConfigurationName = Release;
		};
		BF2C6BE721C8744A0081D79C /* Build configuration list for PBXNativeTarget "PokedexUITests" */ = {
			isa = XCConfigurationList;
			buildConfigurations = (
				BF2C6BE821C8744A0081D79C /* Debug */,
				BF2C6BE921C8744A0081D79C /* Release */,
			);
			defaultConfigurationIsVisible = 0;
			defaultConfigurationName = Release;
		};
/* End XCConfigurationList section */
	};
	rootObject = BF2C6BB121C8744A0081D79C /* Project object */;
}
